// !$*UTF8*$!
{
	archiveVersion = 1;
	classes = {
	};
	objectVersion = 56;
	objects = {

/* Begin PBXBuildFile section */
		FB1BA3662C0289710043F152 /* ImageInfoViewController.swift in Sources */ = {isa = PBXBuildFile; fileRef = FB1BA3652C0289710043F152 /* ImageInfoViewController.swift */; };
		FB215F4B2BE8184B00D4B8CB /* AppDelegate.swift in Sources */ = {isa = PBXBuildFile; fileRef = FB215F4A2BE8184B00D4B8CB /* AppDelegate.swift */; };
		FB215F4D2BE8184B00D4B8CB /* SceneDelegate.swift in Sources */ = {isa = PBXBuildFile; fileRef = FB215F4C2BE8184B00D4B8CB /* SceneDelegate.swift */; };
		FB215F4F2BE8184B00D4B8CB /* GalleryViewController.swift in Sources */ = {isa = PBXBuildFile; fileRef = FB215F4E2BE8184B00D4B8CB /* GalleryViewController.swift */; };
		FB215F522BE8184B00D4B8CB /* Main.storyboard in Resources */ = {isa = PBXBuildFile; fileRef = FB215F502BE8184B00D4B8CB /* Main.storyboard */; };
		FB215F552BE8184B00D4B8CB /* SnapShred.xcdatamodeld in Sources */ = {isa = PBXBuildFile; fileRef = FB215F532BE8184B00D4B8CB /* SnapShred.xcdatamodeld */; };
		FB215F572BE8185000D4B8CB /* Assets.xcassets in Resources */ = {isa = PBXBuildFile; fileRef = FB215F562BE8185000D4B8CB /* Assets.xcassets */; };
		FB215F5A2BE8185000D4B8CB /* LaunchScreen.storyboard in Resources */ = {isa = PBXBuildFile; fileRef = FB215F582BE8185000D4B8CB /* LaunchScreen.storyboard */; };
		FB215F622BE82C6700D4B8CB /* CameraScreenViewController.swift in Sources */ = {isa = PBXBuildFile; fileRef = FB215F612BE82C6700D4B8CB /* CameraScreenViewController.swift */; };
		FB74DE2C2BF9AB4100880F29 /* PreviewViewController.swift in Sources */ = {isa = PBXBuildFile; fileRef = FB74DE2B2BF9AB4100880F29 /* PreviewViewController.swift */; };
		FB7BDCA92BFC337D001107C9 /* TabBarController.swift in Sources */ = {isa = PBXBuildFile; fileRef = FB7BDCA82BFC337D001107C9 /* TabBarController.swift */; };
		FBCC52C92BFD285600D81C53 /* CollectionViewCell.swift in Sources */ = {isa = PBXBuildFile; fileRef = FBCC52C72BFD285600D81C53 /* CollectionViewCell.swift */; };
		FBCC52CA2BFD285600D81C53 /* CollectionViewCell.xib in Resources */ = {isa = PBXBuildFile; fileRef = FBCC52C82BFD285600D81C53 /* CollectionViewCell.xib */; };
		FBCC52CD2C010A0000D81C53 /* PhotoSwipeCollectionViewController.swift in Sources */ = {isa = PBXBuildFile; fileRef = FBCC52CC2C010A0000D81C53 /* PhotoSwipeCollectionViewController.swift */; };
		FBCC52D22C010A8200D81C53 /* PhotoSwipeCollectionViewCell.swift in Sources */ = {isa = PBXBuildFile; fileRef = FBCC52D02C010A8200D81C53 /* PhotoSwipeCollectionViewCell.swift */; };
		FBCC52D32C010A8200D81C53 /* PhotoSwipeCollectionViewCell.xib in Resources */ = {isa = PBXBuildFile; fileRef = FBCC52D12C010A8200D81C53 /* PhotoSwipeCollectionViewCell.xib */; };
/* End PBXBuildFile section */

/* Begin PBXFileReference section */
		FB1BA3652C0289710043F152 /* ImageInfoViewController.swift */ = {isa = PBXFileReference; lastKnownFileType = sourcecode.swift; path = ImageInfoViewController.swift; sourceTree = "<group>"; };
		FB215F472BE8184B00D4B8CB /* SnapShred.app */ = {isa = PBXFileReference; explicitFileType = wrapper.application; includeInIndex = 0; path = SnapShred.app; sourceTree = BUILT_PRODUCTS_DIR; };
		FB215F4A2BE8184B00D4B8CB /* AppDelegate.swift */ = {isa = PBXFileReference; lastKnownFileType = sourcecode.swift; path = AppDelegate.swift; sourceTree = "<group>"; };
		FB215F4C2BE8184B00D4B8CB /* SceneDelegate.swift */ = {isa = PBXFileReference; lastKnownFileType = sourcecode.swift; path = SceneDelegate.swift; sourceTree = "<group>"; };
		FB215F4E2BE8184B00D4B8CB /* GalleryViewController.swift */ = {isa = PBXFileReference; lastKnownFileType = sourcecode.swift; path = GalleryViewController.swift; sourceTree = "<group>"; };
		FB215F512BE8184B00D4B8CB /* Base */ = {isa = PBXFileReference; lastKnownFileType = file.storyboard; name = Base; path = Base.lproj/Main.storyboard; sourceTree = "<group>"; };
		FB215F542BE8184B00D4B8CB /* SnapShred.xcdatamodel */ = {isa = PBXFileReference; lastKnownFileType = wrapper.xcdatamodel; path = SnapShred.xcdatamodel; sourceTree = "<group>"; };
		FB215F562BE8185000D4B8CB /* Assets.xcassets */ = {isa = PBXFileReference; lastKnownFileType = folder.assetcatalog; path = Assets.xcassets; sourceTree = "<group>"; };
		FB215F592BE8185000D4B8CB /* Base */ = {isa = PBXFileReference; lastKnownFileType = file.storyboard; name = Base; path = Base.lproj/LaunchScreen.storyboard; sourceTree = "<group>"; };
		FB215F5B2BE8185000D4B8CB /* Info.plist */ = {isa = PBXFileReference; lastKnownFileType = text.plist.xml; path = Info.plist; sourceTree = "<group>"; };
		FB215F612BE82C6700D4B8CB /* CameraScreenViewController.swift */ = {isa = PBXFileReference; lastKnownFileType = sourcecode.swift; path = CameraScreenViewController.swift; sourceTree = "<group>"; };
		FB509D112C02EBDE008E0B76 /* SnapShred_V2.xcdatamodel */ = {isa = PBXFileReference; lastKnownFileType = wrapper.xcdatamodel; path = SnapShred_V2.xcdatamodel; sourceTree = "<group>"; };
		FB74DE2B2BF9AB4100880F29 /* PreviewViewController.swift */ = {isa = PBXFileReference; lastKnownFileType = sourcecode.swift; path = PreviewViewController.swift; sourceTree = "<group>"; };
		FB7BDCA82BFC337D001107C9 /* TabBarController.swift */ = {isa = PBXFileReference; lastKnownFileType = sourcecode.swift; path = TabBarController.swift; sourceTree = "<group>"; };
		FBCC52C72BFD285600D81C53 /* CollectionViewCell.swift */ = {isa = PBXFileReference; lastKnownFileType = sourcecode.swift; path = CollectionViewCell.swift; sourceTree = "<group>"; };
		FBCC52C82BFD285600D81C53 /* CollectionViewCell.xib */ = {isa = PBXFileReference; lastKnownFileType = file.xib; path = CollectionViewCell.xib; sourceTree = "<group>"; };
		FBCC52CC2C010A0000D81C53 /* PhotoSwipeCollectionViewController.swift */ = {isa = PBXFileReference; lastKnownFileType = sourcecode.swift; path = PhotoSwipeCollectionViewController.swift; sourceTree = "<group>"; };
		FBCC52D02C010A8200D81C53 /* PhotoSwipeCollectionViewCell.swift */ = {isa = PBXFileReference; lastKnownFileType = sourcecode.swift; path = PhotoSwipeCollectionViewCell.swift; sourceTree = "<group>"; };
		FBCC52D12C010A8200D81C53 /* PhotoSwipeCollectionViewCell.xib */ = {isa = PBXFileReference; lastKnownFileType = file.xib; path = PhotoSwipeCollectionViewCell.xib; sourceTree = "<group>"; };
/* End PBXFileReference section */

/* Begin PBXFrameworksBuildPhase section */
		FB215F442BE8184B00D4B8CB /* Frameworks */ = {
			isa = PBXFrameworksBuildPhase;
			buildActionMask = 2147483647;
			files = (
			);
			runOnlyForDeploymentPostprocessing = 0;
		};
/* End PBXFrameworksBuildPhase section */

/* Begin PBXGroup section */
		FB215F3E2BE8184A00D4B8CB = {
			isa = PBXGroup;
			children = (
				FB215F492BE8184B00D4B8CB /* SnapShred */,
				FB215F482BE8184B00D4B8CB /* Products */,
			);
			sourceTree = "<group>";
		};
		FB215F482BE8184B00D4B8CB /* Products */ = {
			isa = PBXGroup;
			children = (
				FB215F472BE8184B00D4B8CB /* SnapShred.app */,
			);
			name = Products;
			sourceTree = "<group>";
		};
		FB215F492BE8184B00D4B8CB /* SnapShred */ = {
			isa = PBXGroup;
			children = (
				FB215F4A2BE8184B00D4B8CB /* AppDelegate.swift */,
				FB215F4C2BE8184B00D4B8CB /* SceneDelegate.swift */,
				FB7BDCA82BFC337D001107C9 /* TabBarController.swift */,
				FB215F612BE82C6700D4B8CB /* CameraScreenViewController.swift */,
				FB74DE2B2BF9AB4100880F29 /* PreviewViewController.swift */,
				FBCC52D42C010A8A00D81C53 /* PhotoSwipe */,
				FBCC52CB2BFD35A000D81C53 /* GalleryView */,
				FB215F502BE8184B00D4B8CB /* Main.storyboard */,
				FB215F562BE8185000D4B8CB /* Assets.xcassets */,
				FB215F582BE8185000D4B8CB /* LaunchScreen.storyboard */,
				FB215F5B2BE8185000D4B8CB /* Info.plist */,
				FB215F532BE8184B00D4B8CB /* SnapShred.xcdatamodeld */,
			);
			path = SnapShred;
			sourceTree = "<group>";
		};
		FBCC52CB2BFD35A000D81C53 /* GalleryView */ = {
			isa = PBXGroup;
			children = (
				FB215F4E2BE8184B00D4B8CB /* GalleryViewController.swift */,
				FBCC52C72BFD285600D81C53 /* CollectionViewCell.swift */,
				FBCC52C82BFD285600D81C53 /* CollectionViewCell.xib */,
			);
			path = GalleryView;
			sourceTree = "<group>";
		};
		FBCC52D42C010A8A00D81C53 /* PhotoSwipe */ = {
			isa = PBXGroup;
			children = (
				FBCC52CC2C010A0000D81C53 /* PhotoSwipeCollectionViewController.swift */,
				FBCC52D02C010A8200D81C53 /* PhotoSwipeCollectionViewCell.swift */,
				FBCC52D12C010A8200D81C53 /* PhotoSwipeCollectionViewCell.xib */,
				FB1BA3652C0289710043F152 /* ImageInfoViewController.swift */,
			);
			path = PhotoSwipe;
			sourceTree = "<group>";
		};
/* End PBXGroup section */

/* Begin PBXNativeTarget section */
		FB215F462BE8184B00D4B8CB /* SnapShred */ = {
			isa = PBXNativeTarget;
			buildConfigurationList = FB215F5E2BE8185000D4B8CB /* Build configuration list for PBXNativeTarget "SnapShred" */;
			buildPhases = (
				FB215F432BE8184B00D4B8CB /* Sources */,
				FB215F442BE8184B00D4B8CB /* Frameworks */,
				FB215F452BE8184B00D4B8CB /* Resources */,
			);
			buildRules = (
			);
			dependencies = (
			);
			name = SnapShred;
			productName = SnapShred;
			productReference = FB215F472BE8184B00D4B8CB /* SnapShred.app */;
			productType = "com.apple.product-type.application";
		};
/* End PBXNativeTarget section */

/* Begin PBXProject section */
		FB215F3F2BE8184A00D4B8CB /* Project object */ = {
			isa = PBXProject;
			attributes = {
				BuildIndependentTargetsInParallel = 1;
				LastSwiftUpdateCheck = 1520;
				LastUpgradeCheck = 1520;
				TargetAttributes = {
					FB215F462BE8184B00D4B8CB = {
						CreatedOnToolsVersion = 15.2;
					};
				};
			};
			buildConfigurationList = FB215F422BE8184A00D4B8CB /* Build configuration list for PBXProject "SnapShred" */;
			compatibilityVersion = "Xcode 14.0";
			developmentRegion = en;
			hasScannedForEncodings = 0;
			knownRegions = (
				en,
				Base,
			);
			mainGroup = FB215F3E2BE8184A00D4B8CB;
			productRefGroup = FB215F482BE8184B00D4B8CB /* Products */;
			projectDirPath = "";
			projectRoot = "";
			targets = (
				FB215F462BE8184B00D4B8CB /* SnapShred */,
			);
		};
/* End PBXProject section */

/* Begin PBXResourcesBuildPhase section */
		FB215F452BE8184B00D4B8CB /* Resources */ = {
			isa = PBXResourcesBuildPhase;
			buildActionMask = 2147483647;
			files = (
				FB215F5A2BE8185000D4B8CB /* LaunchScreen.storyboard in Resources */,
				FBCC52D32C010A8200D81C53 /* PhotoSwipeCollectionViewCell.xib in Resources */,
				FB215F572BE8185000D4B8CB /* Assets.xcassets in Resources */,
				FBCC52CA2BFD285600D81C53 /* CollectionViewCell.xib in Resources */,
				FB215F522BE8184B00D4B8CB /* Main.storyboard in Resources */,
			);
			runOnlyForDeploymentPostprocessing = 0;
		};
/* End PBXResourcesBuildPhase section */

/* Begin PBXSourcesBuildPhase section */
		FB215F432BE8184B00D4B8CB /* Sources */ = {
			isa = PBXSourcesBuildPhase;
			buildActionMask = 2147483647;
			files = (
				FBCC52CD2C010A0000D81C53 /* PhotoSwipeCollectionViewController.swift in Sources */,
				FB215F4F2BE8184B00D4B8CB /* GalleryViewController.swift in Sources */,
				FBCC52D22C010A8200D81C53 /* PhotoSwipeCollectionViewCell.swift in Sources */,
				FB215F4B2BE8184B00D4B8CB /* AppDelegate.swift in Sources */,
				FBCC52C92BFD285600D81C53 /* CollectionViewCell.swift in Sources */,
				FB215F552BE8184B00D4B8CB /* SnapShred.xcdatamodeld in Sources */,
				FB215F622BE82C6700D4B8CB /* CameraScreenViewController.swift in Sources */,
				FB7BDCA92BFC337D001107C9 /* TabBarController.swift in Sources */,
				FB215F4D2BE8184B00D4B8CB /* SceneDelegate.swift in Sources */,
				FB74DE2C2BF9AB4100880F29 /* PreviewViewController.swift in Sources */,
				FB1BA3662C0289710043F152 /* ImageInfoViewController.swift in Sources */,
			);
			runOnlyForDeploymentPostprocessing = 0;
		};
/* End PBXSourcesBuildPhase section */

/* Begin PBXVariantGroup section */
		FB215F502BE8184B00D4B8CB /* Main.storyboard */ = {
			isa = PBXVariantGroup;
			children = (
				FB215F512BE8184B00D4B8CB /* Base */,
			);
			name = Main.storyboard;
			sourceTree = "<group>";
		};
		FB215F582BE8185000D4B8CB /* LaunchScreen.storyboard */ = {
			isa = PBXVariantGroup;
			children = (
				FB215F592BE8185000D4B8CB /* Base */,
			);
			name = LaunchScreen.storyboard;
			sourceTree = "<group>";
		};
/* End PBXVariantGroup section */

/* Begin XCBuildConfiguration section */
		FB215F5C2BE8185000D4B8CB /* Debug */ = {
			isa = XCBuildConfiguration;
			buildSettings = {
				ALWAYS_SEARCH_USER_PATHS = NO;
				ASSETCATALOG_COMPILER_GENERATE_SWIFT_ASSET_SYMBOL_EXTENSIONS = YES;
				CLANG_ANALYZER_NONNULL = YES;
				CLANG_ANALYZER_NUMBER_OBJECT_CONVERSION = YES_AGGRESSIVE;
				CLANG_CXX_LANGUAGE_STANDARD = "gnu++20";
				CLANG_ENABLE_MODULES = YES;
				CLANG_ENABLE_OBJC_ARC = YES;
				CLANG_ENABLE_OBJC_WEAK = YES;
				CLANG_WARN_BLOCK_CAPTURE_AUTORELEASING = YES;
				CLANG_WARN_BOOL_CONVERSION = YES;
				CLANG_WARN_COMMA = YES;
				CLANG_WARN_CONSTANT_CONVERSION = YES;
				CLANG_WARN_DEPRECATED_OBJC_IMPLEMENTATIONS = YES;
				CLANG_WARN_DIRECT_OBJC_ISA_USAGE = YES_ERROR;
				CLANG_WARN_DOCUMENTATION_COMMENTS = YES;
				CLANG_WARN_EMPTY_BODY = YES;
				CLANG_WARN_ENUM_CONVERSION = YES;
				CLANG_WARN_INFINITE_RECURSION = YES;
				CLANG_WARN_INT_CONVERSION = YES;
				CLANG_WARN_NON_LITERAL_NULL_CONVERSION = YES;
				CLANG_WARN_OBJC_IMPLICIT_RETAIN_SELF = YES;
				CLANG_WARN_OBJC_LITERAL_CONVERSION = YES;
				CLANG_WARN_OBJC_ROOT_CLASS = YES_ERROR;
				CLANG_WARN_QUOTED_INCLUDE_IN_FRAMEWORK_HEADER = YES;
				CLANG_WARN_RANGE_LOOP_ANALYSIS = YES;
				CLANG_WARN_STRICT_PROTOTYPES = YES;
				CLANG_WARN_SUSPICIOUS_MOVE = YES;
				CLANG_WARN_UNGUARDED_AVAILABILITY = YES_AGGRESSIVE;
				CLANG_WARN_UNREACHABLE_CODE = YES;
				CLANG_WARN__DUPLICATE_METHOD_MATCH = YES;
				COPY_PHASE_STRIP = NO;
				DEBUG_INFORMATION_FORMAT = dwarf;
				ENABLE_STRICT_OBJC_MSGSEND = YES;
				ENABLE_TESTABILITY = YES;
				ENABLE_USER_SCRIPT_SANDBOXING = YES;
				GCC_C_LANGUAGE_STANDARD = gnu17;
				GCC_DYNAMIC_NO_PIC = NO;
				GCC_NO_COMMON_BLOCKS = YES;
				GCC_OPTIMIZATION_LEVEL = 0;
				GCC_PREPROCESSOR_DEFINITIONS = (
					"DEBUG=1",
					"$(inherited)",
				);
				GCC_WARN_64_TO_32_BIT_CONVERSION = YES;
				GCC_WARN_ABOUT_RETURN_TYPE = YES_ERROR;
				GCC_WARN_UNDECLARED_SELECTOR = YES;
				GCC_WARN_UNINITIALIZED_AUTOS = YES_AGGRESSIVE;
				GCC_WARN_UNUSED_FUNCTION = YES;
				GCC_WARN_UNUSED_VARIABLE = YES;
				IPHONEOS_DEPLOYMENT_TARGET = 17.2;
				LOCALIZATION_PREFERS_STRING_CATALOGS = YES;
				MTL_ENABLE_DEBUG_INFO = INCLUDE_SOURCE;
				MTL_FAST_MATH = YES;
				ONLY_ACTIVE_ARCH = YES;
				SDKROOT = iphoneos;
				SWIFT_ACTIVE_COMPILATION_CONDITIONS = "DEBUG $(inherited)";
				SWIFT_OPTIMIZATION_LEVEL = "-Onone";
			};
			name = Debug;
		};
		FB215F5D2BE8185000D4B8CB /* Release */ = {
			isa = XCBuildConfiguration;
			buildSettings = {
				ALWAYS_SEARCH_USER_PATHS = NO;
				ASSETCATALOG_COMPILER_GENERATE_SWIFT_ASSET_SYMBOL_EXTENSIONS = YES;
				CLANG_ANALYZER_NONNULL = YES;
				CLANG_ANALYZER_NUMBER_OBJECT_CONVERSION = YES_AGGRESSIVE;
				CLANG_CXX_LANGUAGE_STANDARD = "gnu++20";
				CLANG_ENABLE_MODULES = YES;
				CLANG_ENABLE_OBJC_ARC = YES;
				CLANG_ENABLE_OBJC_WEAK = YES;
				CLANG_WARN_BLOCK_CAPTURE_AUTORELEASING = YES;
				CLANG_WARN_BOOL_CONVERSION = YES;
				CLANG_WARN_COMMA = YES;
				CLANG_WARN_CONSTANT_CONVERSION = YES;
				CLANG_WARN_DEPRECATED_OBJC_IMPLEMENTATIONS = YES;
				CLANG_WARN_DIRECT_OBJC_ISA_USAGE = YES_ERROR;
				CLANG_WARN_DOCUMENTATION_COMMENTS = YES;
				CLANG_WARN_EMPTY_BODY = YES;
				CLANG_WARN_ENUM_CONVERSION = YES;
				CLANG_WARN_INFINITE_RECURSION = YES;
				CLANG_WARN_INT_CONVERSION = YES;
				CLANG_WARN_NON_LITERAL_NULL_CONVERSION = YES;
				CLANG_WARN_OBJC_IMPLICIT_RETAIN_SELF = YES;
				CLANG_WARN_OBJC_LITERAL_CONVERSION = YES;
				CLANG_WARN_OBJC_ROOT_CLASS = YES_ERROR;
				CLANG_WARN_QUOTED_INCLUDE_IN_FRAMEWORK_HEADER = YES;
				CLANG_WARN_RANGE_LOOP_ANALYSIS = YES;
				CLANG_WARN_STRICT_PROTOTYPES = YES;
				CLANG_WARN_SUSPICIOUS_MOVE = YES;
				CLANG_WARN_UNGUARDED_AVAILABILITY = YES_AGGRESSIVE;
				CLANG_WARN_UNREACHABLE_CODE = YES;
				CLANG_WARN__DUPLICATE_METHOD_MATCH = YES;
				COPY_PHASE_STRIP = NO;
				DEBUG_INFORMATION_FORMAT = "dwarf-with-dsym";
				ENABLE_NS_ASSERTIONS = NO;
				ENABLE_STRICT_OBJC_MSGSEND = YES;
				ENABLE_USER_SCRIPT_SANDBOXING = YES;
				GCC_C_LANGUAGE_STANDARD = gnu17;
				GCC_NO_COMMON_BLOCKS = YES;
				GCC_WARN_64_TO_32_BIT_CONVERSION = YES;
				GCC_WARN_ABOUT_RETURN_TYPE = YES_ERROR;
				GCC_WARN_UNDECLARED_SELECTOR = YES;
				GCC_WARN_UNINITIALIZED_AUTOS = YES_AGGRESSIVE;
				GCC_WARN_UNUSED_FUNCTION = YES;
				GCC_WARN_UNUSED_VARIABLE = YES;
				IPHONEOS_DEPLOYMENT_TARGET = 17.2;
				LOCALIZATION_PREFERS_STRING_CATALOGS = YES;
				MTL_ENABLE_DEBUG_INFO = NO;
				MTL_FAST_MATH = YES;
				SDKROOT = iphoneos;
				SWIFT_COMPILATION_MODE = wholemodule;
				VALIDATE_PRODUCT = YES;
			};
			name = Release;
		};
		FB215F5F2BE8185000D4B8CB /* Debug */ = {
			isa = XCBuildConfiguration;
			buildSettings = {
				ASSETCATALOG_COMPILER_APPICON_NAME = AppIcon;
				ASSETCATALOG_COMPILER_GLOBAL_ACCENT_COLOR_NAME = AccentColor;
				CODE_SIGN_STYLE = Automatic;
				CURRENT_PROJECT_VERSION = 1;
				DEVELOPMENT_TEAM = AUL9X9V68D;
				GENERATE_INFOPLIST_FILE = YES;
				INFOPLIST_FILE = SnapShred/Info.plist;
				INFOPLIST_KEY_UIApplicationSupportsIndirectInputEvents = YES;
				INFOPLIST_KEY_UILaunchStoryboardName = LaunchScreen;
				INFOPLIST_KEY_UIMainStoryboardFile = Main;
				INFOPLIST_KEY_UISupportedInterfaceOrientations_iPad = "UIInterfaceOrientationPortrait UIInterfaceOrientationPortraitUpsideDown UIInterfaceOrientationLandscapeLeft UIInterfaceOrientationLandscapeRight";
				INFOPLIST_KEY_UISupportedInterfaceOrientations_iPhone = "UIInterfaceOrientationPortrait UIInterfaceOrientationLandscapeLeft UIInterfaceOrientationLandscapeRight";
				LD_RUNPATH_SEARCH_PATHS = (
					"$(inherited)",
					"@executable_path/Frameworks",
				);
				MARKETING_VERSION = 1.0;
				PRODUCT_BUNDLE_IDENTIFIER = com.aditya.SnapShred;
				PRODUCT_NAME = "$(TARGET_NAME)";
				SWIFT_EMIT_LOC_STRINGS = YES;
				SWIFT_VERSION = 5.0;
				TARGETED_DEVICE_FAMILY = "1,2";
			};
			name = Debug;
		};
		FB215F602BE8185000D4B8CB /* Release */ = {
			isa = XCBuildConfiguration;
			buildSettings = {
				ASSETCATALOG_COMPILER_APPICON_NAME = AppIcon;
				ASSETCATALOG_COMPILER_GLOBAL_ACCENT_COLOR_NAME = AccentColor;
				CODE_SIGN_STYLE = Automatic;
				CURRENT_PROJECT_VERSION = 1;
				DEVELOPMENT_TEAM = AUL9X9V68D;
				GENERATE_INFOPLIST_FILE = YES;
				INFOPLIST_FILE = SnapShred/Info.plist;
				INFOPLIST_KEY_UIApplicationSupportsIndirectInputEvents = YES;
				INFOPLIST_KEY_UILaunchStoryboardName = LaunchScreen;
				INFOPLIST_KEY_UIMainStoryboardFile = Main;
				INFOPLIST_KEY_UISupportedInterfaceOrientations_iPad = "UIInterfaceOrientationPortrait UIInterfaceOrientationPortraitUpsideDown UIInterfaceOrientationLandscapeLeft UIInterfaceOrientationLandscapeRight";
				INFOPLIST_KEY_UISupportedInterfaceOrientations_iPhone = "UIInterfaceOrientationPortrait UIInterfaceOrientationLandscapeLeft UIInterfaceOrientationLandscapeRight";
				LD_RUNPATH_SEARCH_PATHS = (
					"$(inherited)",
					"@executable_path/Frameworks",
				);
				MARKETING_VERSION = 1.0;
				PRODUCT_BUNDLE_IDENTIFIER = com.aditya.SnapShred;
				PRODUCT_NAME = "$(TARGET_NAME)";
				SWIFT_EMIT_LOC_STRINGS = YES;
				SWIFT_VERSION = 5.0;
				TARGETED_DEVICE_FAMILY = "1,2";
			};
			name = Release;
		};
/* End XCBuildConfiguration section */

/* Begin XCConfigurationList section */
		FB215F422BE8184A00D4B8CB /* Build configuration list for PBXProject "SnapShred" */ = {
			isa = XCConfigurationList;
			buildConfigurations = (
				FB215F5C2BE8185000D4B8CB /* Debug */,
				FB215F5D2BE8185000D4B8CB /* Release */,
			);
			defaultConfigurationIsVisible = 0;
			defaultConfigurationName = Release;
		};
		FB215F5E2BE8185000D4B8CB /* Build configuration list for PBXNativeTarget "SnapShred" */ = {
			isa = XCConfigurationList;
			buildConfigurations = (
				FB215F5F2BE8185000D4B8CB /* Debug */,
				FB215F602BE8185000D4B8CB /* Release */,
			);
			defaultConfigurationIsVisible = 0;
			defaultConfigurationName = Release;
		};
/* End XCConfigurationList section */

/* Begin XCVersionGroup section */
		FB215F532BE8184B00D4B8CB /* SnapShred.xcdatamodeld */ = {
			isa = XCVersionGroup;
			children = (
				FB509D112C02EBDE008E0B76 /* SnapShred_V2.xcdatamodel */,
				FB215F542BE8184B00D4B8CB /* SnapShred.xcdatamodel */,
			);
			currentVersion = FB509D112C02EBDE008E0B76 /* SnapShred_V2.xcdatamodel */;
			path = SnapShred.xcdatamodeld;
			sourceTree = "<group>";
			versionGroupType = wrapper.xcdatamodel;
		};
/* End XCVersionGroup section */
	};
	rootObject = FB215F3F2BE8184A00D4B8CB /* Project object */;
}
